
Microsoft Visual Studio Solution File, Format Version 12.00
# Visual Studio Version 17
VisualStudioVersion = 17.7.34024.191
MinimumVisualStudioVersion = 10.0.40219.1
Project("{FAE04EC0-301F-11D3-BF4B-00C04F79EFBC}") = "APICatalogo", "APICatalogo\APICatalogo.csproj", "{98025902-0FA4-4090-9E95-EA604DA26B66}"
EndProject
Global
	GlobalSection(SolutionConfigurationPlatforms) = preSolution
		Debug|Any CPU = Debug|Any CPU
		Release|Any CPU = Release|Any CPU
	EndGlobalSection
	GlobalSection(ProjectConfigurationPlatforms) = postSolution
		{98025902-0FA4-4090-9E95-EA604DA26B66}.Debug|Any CPU.ActiveCfg = Debug|Any CPU
		{98025902-0FA4-4090-9E95-EA604DA26B66}.Debug|Any CPU.Build.0 = Debug|Any CPU
		{98025902-0FA4-4090-9E95-EA604DA26B66}.Release|Any CPU.ActiveCfg = Release|Any CPU
		{98025902-0FA4-4090-9E95-EA604DA26B66}.Release|Any CPU.Build.0 = Release|Any CPU
	EndGlobalSection
	GlobalSection(SolutionProperties) = preSolution
		HideSolutionNode = FALSE
	EndGlobalSection
	GlobalSection(ExtensibilityGlobals) = postSolution
		SolutionGuid = {2680833E-0D0D-49B0-9D98-A0671B76D8AF}
	EndGlobalSection
EndGlobal
